
Microsoft Visual Studio Solution File, Format Version 12.00
# Visual Studio Version 16
VisualStudioVersion = 16.0.30204.135
MinimumVisualStudioVersion = 10.0.40219.1
Project("{8BC9CEB8-8B4A-11D0-8D11-00A0C91BC942}") = "ODE", "ODE.vcxproj", "{43053C2A-CB80-44E4-9BD7-9F289AF1079F}"
EndProject
Global
	GlobalSection(SolutionConfigurationPlatforms) = preSolution
		Debug|x64 = Debug|x64
		Debug|x86 = Debug|x86
		Release|x64 = Release|x64
		Release|x86 = Release|x86
	EndGlobalSection
	GlobalSection(ProjectConfigurationPlatforms) = postSolution
		{43053C2A-CB80-44E4-9BD7-9F289AF1079F}.Debug|x64.ActiveCfg = Debug|x64
		{43053C2A-CB80-44E4-9BD7-9F289AF1079F}.Debug|x64.Build.0 = Debug|x64
		{43053C2A-CB80-44E4-9BD7-9F289AF1079F}.Debug|x86.ActiveCfg = Debug|Win32
		{43053C2A-CB80-44E4-9BD7-9F289AF1079F}.Debug|x86.Build.0 = Debug|Win32
		{43053C2A-CB80-44E4-9BD7-9F289AF1079F}.Release|x64.ActiveCfg = Release|x64
		{43053C2A-CB80-44E4-9BD7-9F289AF1079F}.Release|x64.Build.0 = Release|x64
		{43053C2A-CB80-44E4-9BD7-9F289AF1079F}.Release|x86.ActiveCfg = Release|Win32
		{43053C2A-CB80-44E4-9BD7-9F289AF1079F}.Release|x86.Build.0 = Release|Win32
	EndGlobalSection
	GlobalSection(SolutionProperties) = preSolution
		HideSolutionNode = FALSE
	EndGlobalSection
	GlobalSection(ExtensibilityGlobals) = postSolution
		SolutionGuid = {11090703-3A54-4687-8533-5E754FD58368}
	EndGlobalSection
EndGlobal
