<?xml version="1.0" encoding="utf-8"?>
<Project ToolsVersion="4.0" xmlns="http://schemas.microsoft.com/developer/msbuild/2003">
  <ItemGroup>
    <Filter Include="Source Files">
      <UniqueIdentifier>{4FC737F1-C7A5-4376-A066-2A32D752A2FF}</UniqueIdentifier>
      <Extensions>cpp;c;cc;cxx;c++;def;odl;idl;hpj;bat;asm;asmx</Extensions>
    </Filter>
    <Filter Include="Header Files">
      <UniqueIdentifier>{93995380-89BD-4b04-88EB-625FBE52EBFB}</UniqueIdentifier>
      <Extensions>h;hh;hpp;hxx;h++;hm;inl;inc;ipp;xsd</Extensions>
    </Filter>
    <Filter Include="Resource Files">
      <UniqueIdentifier>{67DA6AB6-F800-4c08-8B7A-83BB121AAD01}</UniqueIdentifier>
      <Extensions>rc;ico;cur;bmp;dlg;rc2;rct;bin;rgs;gif;jpg;jpeg;jpe;resx;tiff;tif;png;wav;mfcribbon-ms</Extensions>
    </Filter>
    <Filter Include="Logger">
      <UniqueIdentifier>{008543b7-1ab4-4de1-91ba-070a8fce8f44}</UniqueIdentifier>
    </Filter>
    <Filter Include="OutputManager">
      <UniqueIdentifier>{6670694b-9ba7-4e5b-980e-d9290a7d2315}</UniqueIdentifier>
    </Filter>
    <Filter Include="Ode">
      <UniqueIdentifier>{2fbd44ad-d25d-44d9-a8cb-c7b7adb43019}</UniqueIdentifier>
    </Filter>
    <Filter Include="Logger\Header">
      <UniqueIdentifier>{c051a63a-451d-4559-961d-348b82f447ff}</UniqueIdentifier>
    </Filter>
    <Filter Include="Logger\Source">
      <UniqueIdentifier>{99084e00-c2cf-4758-8072-2ce47f4451b9}</UniqueIdentifier>
    </Filter>
    <Filter Include="Ode\Header">
      <UniqueIdentifier>{c6b740b5-5817-4b0b-85ad-b413e2cf3575}</UniqueIdentifier>
    </Filter>
    <Filter Include="Ode\Source">
      <UniqueIdentifier>{72446082-1700-4fe7-beaa-309f5ba7b51a}</UniqueIdentifier>
    </Filter>
    <Filter Include="OutputManager\Header">
      <UniqueIdentifier>{ad22e711-f78a-4b06-b26e-eccc8397ed13}</UniqueIdentifier>
    </Filter>
    <Filter Include="OutputManager\Source">
      <UniqueIdentifier>{be056a15-bd50-451b-8653-47356d274a90}</UniqueIdentifier>
    </Filter>
  </ItemGroup>
  <ItemGroup>
    <ClInclude Include="Logger.h">
      <Filter>Logger\Header</Filter>
    </ClInclude>
    <ClInclude Include="Ode.h">
      <Filter>Ode\Header</Filter>
    </ClInclude>
    <ClInclude Include="OdeParameters.h">
      <Filter>Ode\Header</Filter>
    </ClInclude>
    <ClInclude Include="OutputManager.h">
      <Filter>OutputManager\Header</Filter>
    </ClInclude>
    <ClInclude Include="Euler.h">
      <Filter>Ode\Header</Filter>
    </ClInclude>
  </ItemGroup>
  <ItemGroup>
    <ClCompile Include="main.cpp">
      <Filter>Source Files</Filter>
    </ClCompile>
    <ClCompile Include="Logger.cpp">
      <Filter>Logger\Source</Filter>
    </ClCompile>
    <ClCompile Include="Ode.cpp">
      <Filter>Ode\Source</Filter>
    </ClCompile>
    <ClCompile Include="OutputManager.cpp">
      <Filter>OutputManager\Source</Filter>
    </ClCompile>
    <ClCompile Include="Euler.cpp">
      <Filter>Ode\Source</Filter>
    </ClCompile>
  </ItemGroup>
</Project>